// !$*UTF8*$!
{
	archiveVersion = 1;
	classes = {
	};
	objectVersion = 51;
	objects = {

/* Begin PBXBuildFile section */
		A3486F52C346F9DA258EABF7 /* Pods_SVGTest.framework in Frameworks */ = {isa = PBXBuildFile; fileRef = AF845CD288461F77FD646E55 /* Pods_SVGTest.framework */; };
		D36054852726EDDF00E212F6 /* AppDelegate.swift in Sources */ = {isa = PBXBuildFile; fileRef = D36054842726EDDF00E212F6 /* AppDelegate.swift */; };
		D36054872726EDDF00E212F6 /* SceneDelegate.swift in Sources */ = {isa = PBXBuildFile; fileRef = D36054862726EDDF00E212F6 /* SceneDelegate.swift */; };
		D36054892726EDDF00E212F6 /* ViewController.swift in Sources */ = {isa = PBXBuildFile; fileRef = D36054882726EDDF00E212F6 /* ViewController.swift */; };
		D360548C2726EDDF00E212F6 /* Main.storyboard in Resources */ = {isa = PBXBuildFile; fileRef = D360548A2726EDDF00E212F6 /* Main.storyboard */; };
		D360548E2726EDE100E212F6 /* Assets.xcassets in Resources */ = {isa = PBXBuildFile; fileRef = D360548D2726EDE100E212F6 /* Assets.xcassets */; };
		D36054912726EDE100E212F6 /* LaunchScreen.storyboard in Resources */ = {isa = PBXBuildFile; fileRef = D360548F2726EDE100E212F6 /* LaunchScreen.storyboard */; };
		D360A07B272A9A8A00E212F6 /* good_auto_24.svg in Resources */ = {isa = PBXBuildFile; fileRef = D360A07A272A9A8700E212F6 /* good_auto_24.svg */; };
		D360A07D272A9A9600E212F6 /* bad_auto_24.svg in Resources */ = {isa = PBXBuildFile; fileRef = D360A07C272A9A9600E212F6 /* bad_auto_24.svg */; };
		D360B9C9272BE13900E212F6 /* DoneDark.pdf in Resources */ = {isa = PBXBuildFile; fileRef = D360B9C8272BE13800E212F6 /* DoneDark.pdf */; };
		D360B9CB272BE1A700E212F6 /* cat-clip-art-34.png in Resources */ = {isa = PBXBuildFile; fileRef = D360B9CA272BE1A700E212F6 /* cat-clip-art-34.png */; };
		D39452532731A7660011F1FB /* car.svg in Resources */ = {isa = PBXBuildFile; fileRef = D39452522731A7660011F1FB /* car.svg */; };
		D39452552731A7C10011F1FB /* small.svg in Resources */ = {isa = PBXBuildFile; fileRef = D39452542731A7C10011F1FB /* small.svg */; };
/* End PBXBuildFile section */

/* Begin PBXFileReference section */
		590F75F6B789B598EF5D8883 /* Pods-SVGTest.debug.xcconfig */ = {isa = PBXFileReference; includeInIndex = 1; lastKnownFileType = text.xcconfig; name = "Pods-SVGTest.debug.xcconfig"; path = "Target Support Files/Pods-SVGTest/Pods-SVGTest.debug.xcconfig"; sourceTree = "<group>"; };
		758A5FDB9B81F11FA76912BB /* Pods-SVGTest.release.xcconfig */ = {isa = PBXFileReference; includeInIndex = 1; lastKnownFileType = text.xcconfig; name = "Pods-SVGTest.release.xcconfig"; path = "Target Support Files/Pods-SVGTest/Pods-SVGTest.release.xcconfig"; sourceTree = "<group>"; };
		AF845CD288461F77FD646E55 /* Pods_SVGTest.framework */ = {isa = PBXFileReference; explicitFileType = wrapper.framework; includeInIndex = 0; path = Pods_SVGTest.framework; sourceTree = BUILT_PRODUCTS_DIR; };
		D36054812726EDDF00E212F6 /* SVGTest.app */ = {isa = PBXFileReference; explicitFileType = wrapper.application; includeInIndex = 0; path = SVGTest.app; sourceTree = BUILT_PRODUCTS_DIR; };
		D36054842726EDDF00E212F6 /* AppDelegate.swift */ = {isa = PBXFileReference; lastKnownFileType = sourcecode.swift; path = AppDelegate.swift; sourceTree = "<group>"; };
		D36054862726EDDF00E212F6 /* SceneDelegate.swift */ = {isa = PBXFileReference; lastKnownFileType = sourcecode.swift; path = SceneDelegate.swift; sourceTree = "<group>"; };
		D36054882726EDDF00E212F6 /* ViewController.swift */ = {isa = PBXFileReference; lastKnownFileType = sourcecode.swift; path = ViewController.swift; sourceTree = "<group>"; };
		D360548B2726EDDF00E212F6 /* Base */ = {isa = PBXFileReference; lastKnownFileType = file.storyboard; name = Base; path = Base.lproj/Main.storyboard; sourceTree = "<group>"; };
		D360548D2726EDE100E212F6 /* Assets.xcassets */ = {isa = PBXFileReference; lastKnownFileType = folder.assetcatalog; path = Assets.xcassets; sourceTree = "<group>"; };
		D36054902726EDE100E212F6 /* Base */ = {isa = PBXFileReference; lastKnownFileType = file.storyboard; name = Base; path = Base.lproj/LaunchScreen.storyboard; sourceTree = "<group>"; };
		D36054922726EDE100E212F6 /* Info.plist */ = {isa = PBXFileReference; lastKnownFileType = text.plist.xml; path = Info.plist; sourceTree = "<group>"; };
		D360A07A272A9A8700E212F6 /* good_auto_24.svg */ = {isa = PBXFileReference; fileEncoding = 4; lastKnownFileType = text; path = good_auto_24.svg; sourceTree = "<group>"; };
		D360A07C272A9A9600E212F6 /* bad_auto_24.svg */ = {isa = PBXFileReference; fileEncoding = 4; lastKnownFileType = text; path = bad_auto_24.svg; sourceTree = "<group>"; };
		D360B9C8272BE13800E212F6 /* DoneDark.pdf */ = {isa = PBXFileReference; lastKnownFileType = image.pdf; path = DoneDark.pdf; sourceTree = "<group>"; };
		D360B9CA272BE1A700E212F6 /* cat-clip-art-34.png */ = {isa = PBXFileReference; lastKnownFileType = image.png; path = "cat-clip-art-34.png"; sourceTree = "<group>"; };
		D39452522731A7660011F1FB /* car.svg */ = {isa = PBXFileReference; fileEncoding = 4; lastKnownFileType = text; path = car.svg; sourceTree = "<group>"; };
		D39452542731A7C10011F1FB /* small.svg */ = {isa = PBXFileReference; fileEncoding = 4; lastKnownFileType = text; path = small.svg; sourceTree = "<group>"; };
/* End PBXFileReference section */

/* Begin PBXFrameworksBuildPhase section */
		D360547E2726EDDF00E212F6 /* Frameworks */ = {
			isa = PBXFrameworksBuildPhase;
			buildActionMask = 2147483647;
			files = (
				A3486F52C346F9DA258EABF7 /* Pods_SVGTest.framework in Frameworks */,
			);
			runOnlyForDeploymentPostprocessing = 0;
		};
/* End PBXFrameworksBuildPhase section */

/* Begin PBXGroup section */
		96811430B53C72B0A1A34545 /* Frameworks */ = {
			isa = PBXGroup;
			children = (
				AF845CD288461F77FD646E55 /* Pods_SVGTest.framework */,
			);
			name = Frameworks;
			sourceTree = "<group>";
		};
		A86CFA95984979C188EA7569 /* Pods */ = {
			isa = PBXGroup;
			children = (
				590F75F6B789B598EF5D8883 /* Pods-SVGTest.debug.xcconfig */,
				758A5FDB9B81F11FA76912BB /* Pods-SVGTest.release.xcconfig */,
			);
			path = Pods;
			sourceTree = "<group>";
		};
		D36054782726EDDF00E212F6 = {
			isa = PBXGroup;
			children = (
				D36054832726EDDF00E212F6 /* SVGTest */,
				D36054822726EDDF00E212F6 /* Products */,
				A86CFA95984979C188EA7569 /* Pods */,
				96811430B53C72B0A1A34545 /* Frameworks */,
			);
			sourceTree = "<group>";
		};
		D36054822726EDDF00E212F6 /* Products */ = {
			isa = PBXGroup;
			children = (
				D36054812726EDDF00E212F6 /* SVGTest.app */,
			);
			name = Products;
			sourceTree = "<group>";
		};
		D36054832726EDDF00E212F6 /* SVGTest */ = {
			isa = PBXGroup;
			children = (
				D360B9CA272BE1A700E212F6 /* cat-clip-art-34.png */,
				D360B9C8272BE13800E212F6 /* DoneDark.pdf */,
				D39452522731A7660011F1FB /* car.svg */,
				D360A07C272A9A9600E212F6 /* bad_auto_24.svg */,
				D360A07A272A9A8700E212F6 /* good_auto_24.svg */,
				D36054842726EDDF00E212F6 /* AppDelegate.swift */,
				D36054862726EDDF00E212F6 /* SceneDelegate.swift */,
				D39452542731A7C10011F1FB /* small.svg */,
				D36054882726EDDF00E212F6 /* ViewController.swift */,
				D360548A2726EDDF00E212F6 /* Main.storyboard */,
				D360548D2726EDE100E212F6 /* Assets.xcassets */,
				D360548F2726EDE100E212F6 /* LaunchScreen.storyboard */,
				D36054922726EDE100E212F6 /* Info.plist */,
			);
			path = SVGTest;
			sourceTree = "<group>";
		};
/* End PBXGroup section */

/* Begin PBXNativeTarget section */
		D36054802726EDDF00E212F6 /* SVGTest */ = {
			isa = PBXNativeTarget;
			buildConfigurationList = D36054952726EDE100E212F6 /* Build configuration list for PBXNativeTarget "SVGTest" */;
			buildPhases = (
				4FBC07D235E586760195E6EF /* [CP] Check Pods Manifest.lock */,
				D360547D2726EDDF00E212F6 /* Sources */,
				D360547E2726EDDF00E212F6 /* Frameworks */,
				D360547F2726EDDF00E212F6 /* Resources */,
				CEB0CC6BF2D4185729C60DDB /* [CP] Embed Pods Frameworks */,
			);
			buildRules = (
			);
			dependencies = (
			);
			name = SVGTest;
			productName = SVGTest;
			productReference = D36054812726EDDF00E212F6 /* SVGTest.app */;
			productType = "com.apple.product-type.application";
		};
/* End PBXNativeTarget section */

/* Begin PBXProject section */
		D36054792726EDDF00E212F6 /* Project object */ = {
			isa = PBXProject;
			attributes = {
				LastSwiftUpdateCheck = 1250;
				LastUpgradeCheck = 1250;
				TargetAttributes = {
					D36054802726EDDF00E212F6 = {
						CreatedOnToolsVersion = 12.5;
					};
				};
			};
			buildConfigurationList = D360547C2726EDDF00E212F6 /* Build configuration list for PBXProject "SVGTest" */;
			compatibilityVersion = "Xcode 9.3";
			developmentRegion = en;
			hasScannedForEncodings = 0;
			knownRegions = (
				en,
				Base,
			);
			mainGroup = D36054782726EDDF00E212F6;
			productRefGroup = D36054822726EDDF00E212F6 /* Products */;
			projectDirPath = "";
			projectRoot = "";
			targets = (
				D36054802726EDDF00E212F6 /* SVGTest */,
			);
		};
/* End PBXProject section */

/* Begin PBXResourcesBuildPhase section */
		D360547F2726EDDF00E212F6 /* Resources */ = {
			isa = PBXResourcesBuildPhase;
			buildActionMask = 2147483647;
			files = (
				D360B9C9272BE13900E212F6 /* DoneDark.pdf in Resources */,
				D39452552731A7C10011F1FB /* small.svg in Resources */,
				D360B9CB272BE1A700E212F6 /* cat-clip-art-34.png in Resources */,
				D360A07B272A9A8A00E212F6 /* good_auto_24.svg in Resources */,
				D36054912726EDE100E212F6 /* LaunchScreen.storyboard in Resources */,
				D39452532731A7660011F1FB /* car.svg in Resources */,
				D360548E2726EDE100E212F6 /* Assets.xcassets in Resources */,
				D360A07D272A9A9600E212F6 /* bad_auto_24.svg in Resources */,
				D360548C2726EDDF00E212F6 /* Main.storyboard in Resources */,
			);
			runOnlyForDeploymentPostprocessing = 0;
		};
/* End PBXResourcesBuildPhase section */

/* Begin PBXShellScriptBuildPhase section */
		4FBC07D235E586760195E6EF /* [CP] Check Pods Manifest.lock */ = {
			isa = PBXShellScriptBuildPhase;
			buildActionMask = 2147483647;
			files = (
			);
			inputFileListPaths = (
			);
			inputPaths = (
				"${PODS_PODFILE_DIR_PATH}/Podfile.lock",
				"${PODS_ROOT}/Manifest.lock",
			);
			name = "[CP] Check Pods Manifest.lock";
			outputFileListPaths = (
			);
			outputPaths = (
				"$(DERIVED_FILE_DIR)/Pods-SVGTest-checkManifestLockResult.txt",
			);
			runOnlyForDeploymentPostprocessing = 0;
			shellPath = /bin/sh;
			shellScript = "diff \"${PODS_PODFILE_DIR_PATH}/Podfile.lock\" \"${PODS_ROOT}/Manifest.lock\" > /dev/null\nif [ $? != 0 ] ; then\n    # print error to STDERR\n    echo \"error: The sandbox is not in sync with the Podfile.lock. Run 'pod install' or update your CocoaPods installation.\" >&2\n    exit 1\nfi\n# This output is used by Xcode 'outputs' to avoid re-running this script phase.\necho \"SUCCESS\" > \"${SCRIPT_OUTPUT_FILE_0}\"\n";
			showEnvVarsInLog = 0;
		};
		CEB0CC6BF2D4185729C60DDB /* [CP] Embed Pods Frameworks */ = {
			isa = PBXShellScriptBuildPhase;
			buildActionMask = 2147483647;
			files = (
			);
			inputFileListPaths = (
				"${PODS_ROOT}/Target Support Files/Pods-SVGTest/Pods-SVGTest-frameworks-${CONFIGURATION}-input-files.xcfilelist",
			);
			name = "[CP] Embed Pods Frameworks";
			outputFileListPaths = (
				"${PODS_ROOT}/Target Support Files/Pods-SVGTest/Pods-SVGTest-frameworks-${CONFIGURATION}-output-files.xcfilelist",
			);
			runOnlyForDeploymentPostprocessing = 0;
			shellPath = /bin/sh;
			shellScript = "\"${PODS_ROOT}/Target Support Files/Pods-SVGTest/Pods-SVGTest-frameworks.sh\"\n";
			showEnvVarsInLog = 0;
		};
/* End PBXShellScriptBuildPhase section */

/* Begin PBXSourcesBuildPhase section */
		D360547D2726EDDF00E212F6 /* Sources */ = {
			isa = PBXSourcesBuildPhase;
			buildActionMask = 2147483647;
			files = (
				D36054892726EDDF00E212F6 /* ViewController.swift in Sources */,
				D36054852726EDDF00E212F6 /* AppDelegate.swift in Sources */,
				D36054872726EDDF00E212F6 /* SceneDelegate.swift in Sources */,
			);
			runOnlyForDeploymentPostprocessing = 0;
		};
/* End PBXSourcesBuildPhase section */

/* Begin PBXVariantGroup section */
		D360548A2726EDDF00E212F6 /* Main.storyboard */ = {
			isa = PBXVariantGroup;
			children = (
				D360548B2726EDDF00E212F6 /* Base */,
			);
			name = Main.storyboard;
			sourceTree = "<group>";
		};
		D360548F2726EDE100E212F6 /* LaunchScreen.storyboard */ = {
			isa = PBXVariantGroup;
			children = (
				D36054902726EDE100E212F6 /* Base */,
			);
			name = LaunchScreen.storyboard;
			sourceTree = "<group>";
		};
/* End PBXVariantGroup section */

/* Begin XCBuildConfiguration section */
		D36054932726EDE100E212F6 /* Debug */ = {
			isa = XCBuildConfiguration;
			buildSettings = {
				ALWAYS_SEARCH_USER_PATHS = NO;
				CLANG_ANALYZER_NONNULL = YES;
				CLANG_ANALYZER_NUMBER_OBJECT_CONVERSION = YES_AGGRESSIVE;
				CLANG_CXX_LANGUAGE_STANDARD = "gnu++14";
				CLANG_CXX_LIBRARY = "libc++";
				CLANG_ENABLE_MODULES = YES;
				CLANG_ENABLE_OBJC_ARC = YES;
				CLANG_ENABLE_OBJC_WEAK = YES;
				CLANG_WARN_BLOCK_CAPTURE_AUTORELEASING = YES;
				CLANG_WARN_BOOL_CONVERSION = YES;
				CLANG_WARN_COMMA = YES;
				CLANG_WARN_CONSTANT_CONVERSION = YES;
				CLANG_WARN_DEPRECATED_OBJC_IMPLEMENTATIONS = YES;
				CLANG_WARN_DIRECT_OBJC_ISA_USAGE = YES_ERROR;
				CLANG_WARN_DOCUMENTATION_COMMENTS = YES;
				CLANG_WARN_EMPTY_BODY = YES;
				CLANG_WARN_ENUM_CONVERSION = YES;
				CLANG_WARN_INFINITE_RECURSION = YES;
				CLANG_WARN_INT_CONVERSION = YES;
				CLANG_WARN_NON_LITERAL_NULL_CONVERSION = YES;
				CLANG_WARN_OBJC_IMPLICIT_RETAIN_SELF = YES;
				CLANG_WARN_OBJC_LITERAL_CONVERSION = YES;
				CLANG_WARN_OBJC_ROOT_CLASS = YES_ERROR;
				CLANG_WARN_QUOTED_INCLUDE_IN_FRAMEWORK_HEADER = YES;
				CLANG_WARN_RANGE_LOOP_ANALYSIS = YES;
				CLANG_WARN_STRICT_PROTOTYPES = YES;
				CLANG_WARN_SUSPICIOUS_MOVE = YES;
				CLANG_WARN_UNGUARDED_AVAILABILITY = YES_AGGRESSIVE;
				CLANG_WARN_UNREACHABLE_CODE = YES;
				CLANG_WARN__DUPLICATE_METHOD_MATCH = YES;
				COPY_PHASE_STRIP = NO;
				DEBUG_INFORMATION_FORMAT = dwarf;
				ENABLE_STRICT_OBJC_MSGSEND = YES;
				ENABLE_TESTABILITY = YES;
				GCC_C_LANGUAGE_STANDARD = gnu11;
				GCC_DYNAMIC_NO_PIC = NO;
				GCC_NO_COMMON_BLOCKS = YES;
				GCC_OPTIMIZATION_LEVEL = 0;
				GCC_PREPROCESSOR_DEFINITIONS = (
					"DEBUG=1",
					"$(inherited)",
				);
				GCC_WARN_64_TO_32_BIT_CONVERSION = YES;
				GCC_WARN_ABOUT_RETURN_TYPE = YES_ERROR;
				GCC_WARN_UNDECLARED_SELECTOR = YES;
				GCC_WARN_UNINITIALIZED_AUTOS = YES_AGGRESSIVE;
				GCC_WARN_UNUSED_FUNCTION = YES;
				GCC_WARN_UNUSED_VARIABLE = YES;
				IPHONEOS_DEPLOYMENT_TARGET = 14.5;
				MTL_ENABLE_DEBUG_INFO = INCLUDE_SOURCE;
				MTL_FAST_MATH = YES;
				ONLY_ACTIVE_ARCH = YES;
				SDKROOT = iphoneos;
				SWIFT_ACTIVE_COMPILATION_CONDITIONS = DEBUG;
				SWIFT_OPTIMIZATION_LEVEL = "-Onone";
			};
			name = Debug;
		};
		D36054942726EDE100E212F6 /* Release */ = {
			isa = XCBuildConfiguration;
			buildSettings = {
				ALWAYS_SEARCH_USER_PATHS = NO;
				CLANG_ANALYZER_NONNULL = YES;
				CLANG_ANALYZER_NUMBER_OBJECT_CONVERSION = YES_AGGRESSIVE;
				CLANG_CXX_LANGUAGE_STANDARD = "gnu++14";
				CLANG_CXX_LIBRARY = "libc++";
				CLANG_ENABLE_MODULES = YES;
				CLANG_ENABLE_OBJC_ARC = YES;
				CLANG_ENABLE_OBJC_WEAK = YES;
				CLANG_WARN_BLOCK_CAPTURE_AUTORELEASING = YES;
				CLANG_WARN_BOOL_CONVERSION = YES;
				CLANG_WARN_COMMA = YES;
				CLANG_WARN_CONSTANT_CONVERSION = YES;
				CLANG_WARN_DEPRECATED_OBJC_IMPLEMENTATIONS = YES;
				CLANG_WARN_DIRECT_OBJC_ISA_USAGE = YES_ERROR;
				CLANG_WARN_DOCUMENTATION_COMMENTS = YES;
				CLANG_WARN_EMPTY_BODY = YES;
				CLANG_WARN_ENUM_CONVERSION = YES;
				CLANG_WARN_INFINITE_RECURSION = YES;
				CLANG_WARN_INT_CONVERSION = YES;
				CLANG_WARN_NON_LITERAL_NULL_CONVERSION = YES;
				CLANG_WARN_OBJC_IMPLICIT_RETAIN_SELF = YES;
				CLANG_WARN_OBJC_LITERAL_CONVERSION = YES;
				CLANG_WARN_OBJC_ROOT_CLASS = YES_ERROR;
				CLANG_WARN_QUOTED_INCLUDE_IN_FRAMEWORK_HEADER = YES;
				CLANG_WARN_RANGE_LOOP_ANALYSIS = YES;
				CLANG_WARN_STRICT_PROTOTYPES = YES;
				CLANG_WARN_SUSPICIOUS_MOVE = YES;
				CLANG_WARN_UNGUARDED_AVAILABILITY = YES_AGGRESSIVE;
				CLANG_WARN_UNREACHABLE_CODE = YES;
				CLANG_WARN__DUPLICATE_METHOD_MATCH = YES;
				COPY_PHASE_STRIP = NO;
				DEBUG_INFORMATION_FORMAT = "dwarf-with-dsym";
				ENABLE_NS_ASSERTIONS = NO;
				ENABLE_STRICT_OBJC_MSGSEND = YES;
				GCC_C_LANGUAGE_STANDARD = gnu11;
				GCC_NO_COMMON_BLOCKS = YES;
				GCC_WARN_64_TO_32_BIT_CONVERSION = YES;
				GCC_WARN_ABOUT_RETURN_TYPE = YES_ERROR;
				GCC_WARN_UNDECLARED_SELECTOR = YES;
				GCC_WARN_UNINITIALIZED_AUTOS = YES_AGGRESSIVE;
				GCC_WARN_UNUSED_FUNCTION = YES;
				GCC_WARN_UNUSED_VARIABLE = YES;
				IPHONEOS_DEPLOYMENT_TARGET = 14.5;
				MTL_ENABLE_DEBUG_INFO = NO;
				MTL_FAST_MATH = YES;
				SDKROOT = iphoneos;
				SWIFT_COMPILATION_MODE = wholemodule;
				SWIFT_OPTIMIZATION_LEVEL = "-O";
				VALIDATE_PRODUCT = YES;
			};
			name = Release;
		};
		D36054962726EDE100E212F6 /* Debug */ = {
			isa = XCBuildConfiguration;
			baseConfigurationReference = 590F75F6B789B598EF5D8883 /* Pods-SVGTest.debug.xcconfig */;
			buildSettings = {
				ASSETCATALOG_COMPILER_APPICON_NAME = AppIcon;
				ASSETCATALOG_COMPILER_GLOBAL_ACCENT_COLOR_NAME = AccentColor;
				CODE_SIGN_STYLE = Automatic;
				DEVELOPMENT_TEAM = LLNM97K2J9;
				INFOPLIST_FILE = SVGTest/Info.plist;
				LD_RUNPATH_SEARCH_PATHS = (
					"$(inherited)",
					"@executable_path/Frameworks",
				);
				PRODUCT_BUNDLE_IDENTIFIER = ru.paushkina.SVGTest;
				PRODUCT_NAME = "$(TARGET_NAME)";
				SWIFT_VERSION = 5.0;
				TARGETED_DEVICE_FAMILY = "1,2";
			};
			name = Debug;
		};
		D36054972726EDE100E212F6 /* Release */ = {
			isa = XCBuildConfiguration;
			baseConfigurationReference = 758A5FDB9B81F11FA76912BB /* Pods-SVGTest.release.xcconfig */;
			buildSettings = {
				ASSETCATALOG_COMPILER_APPICON_NAME = AppIcon;
				ASSETCATALOG_COMPILER_GLOBAL_ACCENT_COLOR_NAME = AccentColor;
				CODE_SIGN_STYLE = Automatic;
				DEVELOPMENT_TEAM = LLNM97K2J9;
				INFOPLIST_FILE = SVGTest/Info.plist;
				LD_RUNPATH_SEARCH_PATHS = (
					"$(inherited)",
					"@executable_path/Frameworks",
				);
				PRODUCT_BUNDLE_IDENTIFIER = ru.paushkina.SVGTest;
				PRODUCT_NAME = "$(TARGET_NAME)";
				SWIFT_VERSION = 5.0;
				TARGETED_DEVICE_FAMILY = "1,2";
			};
			name = Release;
		};
/* End XCBuildConfiguration section */

/* Begin XCConfigurationList section */
		D360547C2726EDDF00E212F6 /* Build configuration list for PBXProject "SVGTest" */ = {
			isa = XCConfigurationList;
			buildConfigurations = (
				D36054932726EDE100E212F6 /* Debug */,
				D36054942726EDE100E212F6 /* Release */,
			);
			defaultConfigurationIsVisible = 0;
			defaultConfigurationName = Release;
		};
		D36054952726EDE100E212F6 /* Build configuration list for PBXNativeTarget "SVGTest" */ = {
			isa = XCConfigurationList;
			buildConfigurations = (
				D36054962726EDE100E212F6 /* Debug */,
				D36054972726EDE100E212F6 /* Release */,
			);
			defaultConfigurationIsVisible = 0;
			defaultConfigurationName = Release;
		};
/* End XCConfigurationList section */
	};
	rootObject = D36054792726EDDF00E212F6 /* Project object */;
}
